
Microsoft Visual Studio Solution File, Format Version 12.00
# Visual Studio 15
VisualStudioVersion = 15.0.27703.2026
MinimumVisualStudioVersion = 10.0.40219.1
Project("{FAE04EC0-301F-11D3-BF4B-00C04F79EFBC}") = "SendSMS", "SendSMS\SendSMS.csproj", "{CF22BD7A-4BE0-448F-B1D2-5DAA80B245CE}"
EndProject
Global
	GlobalSection(SolutionConfigurationPlatforms) = preSolution
		Debug|Any CPU = Debug|Any CPU
		Release|Any CPU = Release|Any CPU
	EndGlobalSection
	GlobalSection(ProjectConfigurationPlatforms) = postSolution
		{CF22BD7A-4BE0-448F-B1D2-5DAA80B245CE}.Debug|Any CPU.ActiveCfg = Debug|Any CPU
		{CF22BD7A-4BE0-448F-B1D2-5DAA80B245CE}.Debug|Any CPU.Build.0 = Debug|Any CPU
		{CF22BD7A-4BE0-448F-B1D2-5DAA80B245CE}.Release|Any CPU.ActiveCfg = Release|Any CPU
		{CF22BD7A-4BE0-448F-B1D2-5DAA80B245CE}.Release|Any CPU.Build.0 = Release|Any CPU
	EndGlobalSection
	GlobalSection(SolutionProperties) = preSolution
		HideSolutionNode = FALSE
	EndGlobalSection
	GlobalSection(ExtensibilityGlobals) = postSolution
		SolutionGuid = {3AD566CF-9B39-4726-A3BE-622CB3183C84}
	EndGlobalSection
EndGlobal
